// !$*UTF8*$!
{
	archiveVersion = 1;
	classes = {
	};
	objectVersion = 46;
	objects = {

/* Begin PBXBuildFile section */
		DCFF608E1D9A5A2E00BFCDDF /* AppDelegate.swift in Sources */ = {isa = PBXBuildFile; fileRef = DCFF608D1D9A5A2E00BFCDDF /* AppDelegate.swift */; };
		DCFF60901D9A5A2E00BFCDDF /* Assets.xcassets in Resources */ = {isa = PBXBuildFile; fileRef = DCFF608F1D9A5A2E00BFCDDF /* Assets.xcassets */; };
		DCFF60931D9A5A2E00BFCDDF /* MainMenu.xib in Resources */ = {isa = PBXBuildFile; fileRef = DCFF60911D9A5A2E00BFCDDF /* MainMenu.xib */; };
/* End PBXBuildFile section */

/* Begin PBXFileReference section */
		DCFF608A1D9A5A2E00BFCDDF /* SpeakLine.app */ = {isa = PBXFileReference; explicitFileType = wrapper.application; includeInIndex = 0; path = SpeakLine.app; sourceTree = BUILT_PRODUCTS_DIR; };
		DCFF608D1D9A5A2E00BFCDDF /* AppDelegate.swift */ = {isa = PBXFileReference; lastKnownFileType = sourcecode.swift; path = AppDelegate.swift; sourceTree = "<group>"; };
		DCFF608F1D9A5A2E00BFCDDF /* Assets.xcassets */ = {isa = PBXFileReference; lastKnownFileType = folder.assetcatalog; path = Assets.xcassets; sourceTree = "<group>"; };
		DCFF60921D9A5A2E00BFCDDF /* Base */ = {isa = PBXFileReference; lastKnownFileType = file.xib; name = Base; path = Base.lproj/MainMenu.xib; sourceTree = "<group>"; };
		DCFF60941D9A5A2E00BFCDDF /* Info.plist */ = {isa = PBXFileReference; lastKnownFileType = text.plist.xml; path = Info.plist; sourceTree = "<group>"; };
/* End PBXFileReference section */

/* Begin PBXFrameworksBuildPhase section */
		DCFF60871D9A5A2E00BFCDDF /* Frameworks */ = {
			isa = PBXFrameworksBuildPhase;
			buildActionMask = 2147483647;
			files = (
			);
			runOnlyForDeploymentPostprocessing = 0;
		};
/* End PBXFrameworksBuildPhase section */

/* Begin PBXGroup section */
		DCFF60811D9A5A2E00BFCDDF = {
			isa = PBXGroup;
			children = (
				DCFF608C1D9A5A2E00BFCDDF /* SpeakLine */,
				DCFF608B1D9A5A2E00BFCDDF /* Products */,
			);
			sourceTree = "<group>";
		};
		DCFF608B1D9A5A2E00BFCDDF /* Products */ = {
			isa = PBXGroup;
			children = (
				DCFF608A1D9A5A2E00BFCDDF /* SpeakLine.app */,
			);
			name = Products;
			sourceTree = "<group>";
		};
		DCFF608C1D9A5A2E00BFCDDF /* SpeakLine */ = {
			isa = PBXGroup;
			children = (
				DCFF608D1D9A5A2E00BFCDDF /* AppDelegate.swift */,
				DCFF608F1D9A5A2E00BFCDDF /* Assets.xcassets */,
				DCFF60911D9A5A2E00BFCDDF /* MainMenu.xib */,
				DCFF60941D9A5A2E00BFCDDF /* Info.plist */,
			);
			path = SpeakLine;
			sourceTree = "<group>";
		};
/* End PBXGroup section */

/* Begin PBXNativeTarget section */
		DCFF60891D9A5A2E00BFCDDF /* SpeakLine */ = {
			isa = PBXNativeTarget;
			buildConfigurationList = DCFF60971D9A5A2E00BFCDDF /* Build configuration list for PBXNativeTarget "SpeakLine" */;
			buildPhases = (
				DCFF60861D9A5A2E00BFCDDF /* Sources */,
				DCFF60871D9A5A2E00BFCDDF /* Frameworks */,
				DCFF60881D9A5A2E00BFCDDF /* Resources */,
			);
			buildRules = (
			);
			dependencies = (
			);
			name = SpeakLine;
			productName = SpeakLine;
			productReference = DCFF608A1D9A5A2E00BFCDDF /* SpeakLine.app */;
			productType = "com.apple.product-type.application";
		};
/* End PBXNativeTarget section */

/* Begin PBXProject section */
		DCFF60821D9A5A2E00BFCDDF /* Project object */ = {
			isa = PBXProject;
			attributes = {
				LastSwiftUpdateCheck = 0730;
				LastUpgradeCheck = 0730;
				ORGANIZATIONNAME = cosc346;
				TargetAttributes = {
					DCFF60891D9A5A2E00BFCDDF = {
						CreatedOnToolsVersion = 7.3.1;
					};
				};
			};
			buildConfigurationList = DCFF60851D9A5A2E00BFCDDF /* Build configuration list for PBXProject "SpeakLine" */;
			compatibilityVersion = "Xcode 3.2";
			developmentRegion = English;
			hasScannedForEncodings = 0;
			knownRegions = (
				en,
				Base,
			);
			mainGroup = DCFF60811D9A5A2E00BFCDDF;
			productRefGroup = DCFF608B1D9A5A2E00BFCDDF /* Products */;
			projectDirPath = "";
			projectRoot = "";
			targets = (
				DCFF60891D9A5A2E00BFCDDF /* SpeakLine */,
			);
		};
/* End PBXProject section */

/* Begin PBXResourcesBuildPhase section */
		DCFF60881D9A5A2E00BFCDDF /* Resources */ = {
			isa = PBXResourcesBuildPhase;
			buildActionMask = 2147483647;
			files = (
				DCFF60901D9A5A2E00BFCDDF /* Assets.xcassets in Resources */,
				DCFF60931D9A5A2E00BFCDDF /* MainMenu.xib in Resources */,
			);
			runOnlyForDeploymentPostprocessing = 0;
		};
/* End PBXResourcesBuildPhase section */

/* Begin PBXSourcesBuildPhase section */
		DCFF60861D9A5A2E00BFCDDF /* Sources */ = {
			isa = PBXSourcesBuildPhase;
			buildActionMask = 2147483647;
			files = (
				DCFF608E1D9A5A2E00BFCDDF /* AppDelegate.swift in Sources */,
			);
			runOnlyForDeploymentPostprocessing = 0;
		};
/* End PBXSourcesBuildPhase section */

/* Begin PBXVariantGroup section */
		DCFF60911D9A5A2E00BFCDDF /* MainMenu.xib */ = {
			isa = PBXVariantGroup;
			children = (
				DCFF60921D9A5A2E00BFCDDF /* Base */,
			);
			name = MainMenu.xib;
			sourceTree = "<group>";
		};
/* End PBXVariantGroup section */

/* Begin XCBuildConfiguration section */
		DCFF60951D9A5A2E00BFCDDF /* Debug */ = {
			isa = XCBuildConfiguration;
			buildSettings = {
				ALWAYS_SEARCH_USER_PATHS = NO;
				CLANG_ANALYZER_NONNULL = YES;
				CLANG_CXX_LANGUAGE_STANDARD = "gnu++0x";
				CLANG_CXX_LIBRARY = "libc++";
				CLANG_ENABLE_MODULES = YES;
				CLANG_ENABLE_OBJC_ARC = YES;
				CLANG_WARN_BOOL_CONVERSION = YES;
				CLANG_WARN_CONSTANT_CONVERSION = YES;
				CLANG_WARN_DIRECT_OBJC_ISA_USAGE = YES_ERROR;
				CLANG_WARN_EMPTY_BODY = YES;
				CLANG_WARN_ENUM_CONVERSION = YES;
				CLANG_WARN_INT_CONVERSION = YES;
				CLANG_WARN_OBJC_ROOT_CLASS = YES_ERROR;
				CLANG_WARN_UNREACHABLE_CODE = YES;
				CLANG_WARN__DUPLICATE_METHOD_MATCH = YES;
				CODE_SIGN_IDENTITY = "-";
				COPY_PHASE_STRIP = NO;
				DEBUG_INFORMATION_FORMAT = dwarf;
				ENABLE_STRICT_OBJC_MSGSEND = YES;
				ENABLE_TESTABILITY = YES;
				GCC_C_LANGUAGE_STANDARD = gnu99;
				GCC_DYNAMIC_NO_PIC = NO;
				GCC_NO_COMMON_BLOCKS = YES;
				GCC_OPTIMIZATION_LEVEL = 0;
				GCC_PREPROCESSOR_DEFINITIONS = (
					"DEBUG=1",
					"$(inherited)",
				);
				GCC_WARN_64_TO_32_BIT_CONVERSION = YES;
				GCC_WARN_ABOUT_RETURN_TYPE = YES_ERROR;
				GCC_WARN_UNDECLARED_SELECTOR = YES;
				GCC_WARN_UNINITIALIZED_AUTOS = YES_AGGRESSIVE;
				GCC_WARN_UNUSED_FUNCTION = YES;
				GCC_WARN_UNUSED_VARIABLE = YES;
				MACOSX_DEPLOYMENT_TARGET = 10.11;
				MTL_ENABLE_DEBUG_INFO = YES;
				ONLY_ACTIVE_ARCH = YES;
				SDKROOT = macosx;
				SWIFT_OPTIMIZATION_LEVEL = "-Onone";
			};
			name = Debug;
		};
		DCFF60961D9A5A2E00BFCDDF /* Release */ = {
			isa = XCBuildConfiguration;
			buildSettings = {
				ALWAYS_SEARCH_USER_PATHS = NO;
				CLANG_ANALYZER_NONNULL = YES;
				CLANG_CXX_LANGUAGE_STANDARD = "gnu++0x";
				CLANG_CXX_LIBRARY = "libc++";
				CLANG_ENABLE_MODULES = YES;
				CLANG_ENABLE_OBJC_ARC = YES;
				CLANG_WARN_BOOL_CONVERSION = YES;
				CLANG_WARN_CONSTANT_CONVERSION = YES;
				CLANG_WARN_DIRECT_OBJC_ISA_USAGE = YES_ERROR;
				CLANG_WARN_EMPTY_BODY = YES;
				CLANG_WARN_ENUM_CONVERSION = YES;
				CLANG_WARN_INT_CONVERSION = YES;
				CLANG_WARN_OBJC_ROOT_CLASS = YES_ERROR;
				CLANG_WARN_UNREACHABLE_CODE = YES;
				CLANG_WARN__DUPLICATE_METHOD_MATCH = YES;
				CODE_SIGN_IDENTITY = "-";
				COPY_PHASE_STRIP = NO;
				DEBUG_INFORMATION_FORMAT = "dwarf-with-dsym";
				ENABLE_NS_ASSERTIONS = NO;
				ENABLE_STRICT_OBJC_MSGSEND = YES;
				GCC_C_LANGUAGE_STANDARD = gnu99;
				GCC_NO_COMMON_BLOCKS = YES;
				GCC_WARN_64_TO_32_BIT_CONVERSION = YES;
				GCC_WARN_ABOUT_RETURN_TYPE = YES_ERROR;
				GCC_WARN_UNDECLARED_SELECTOR = YES;
				GCC_WARN_UNINITIALIZED_AUTOS = YES_AGGRESSIVE;
				GCC_WARN_UNUSED_FUNCTION = YES;
				GCC_WARN_UNUSED_VARIABLE = YES;
				MACOSX_DEPLOYMENT_TARGET = 10.11;
				MTL_ENABLE_DEBUG_INFO = NO;
				SDKROOT = macosx;
			};
			name = Release;
		};
		DCFF60981D9A5A2E00BFCDDF /* Debug */ = {
			isa = XCBuildConfiguration;
			buildSettings = {
				ASSETCATALOG_COMPILER_APPICON_NAME = AppIcon;
				COMBINE_HIDPI_IMAGES = YES;
				INFOPLIST_FILE = SpeakLine/Info.plist;
				LD_RUNPATH_SEARCH_PATHS = "$(inherited) @executable_path/../Frameworks";
				PRODUCT_BUNDLE_IDENTIFIER = cosc346.SpeakLine;
				PRODUCT_NAME = "$(TARGET_NAME)";
			};
			name = Debug;
		};
		DCFF60991D9A5A2E00BFCDDF /* Release */ = {
			isa = XCBuildConfiguration;
			buildSettings = {
				ASSETCATALOG_COMPILER_APPICON_NAME = AppIcon;
				COMBINE_HIDPI_IMAGES = YES;
				INFOPLIST_FILE = SpeakLine/Info.plist;
				LD_RUNPATH_SEARCH_PATHS = "$(inherited) @executable_path/../Frameworks";
				PRODUCT_BUNDLE_IDENTIFIER = cosc346.SpeakLine;
				PRODUCT_NAME = "$(TARGET_NAME)";
			};
			name = Release;
		};
/* End XCBuildConfiguration section */

/* Begin XCConfigurationList section */
		DCFF60851D9A5A2E00BFCDDF /* Build configuration list for PBXProject "SpeakLine" */ = {
			isa = XCConfigurationList;
			buildConfigurations = (
				DCFF60951D9A5A2E00BFCDDF /* Debug */,
				DCFF60961D9A5A2E00BFCDDF /* Release */,
			);
			defaultConfigurationIsVisible = 0;
			defaultConfigurationName = Release;
		};
		DCFF60971D9A5A2E00BFCDDF /* Build configuration list for PBXNativeTarget "SpeakLine" */ = {
			isa = XCConfigurationList;
			buildConfigurations = (
				DCFF60981D9A5A2E00BFCDDF /* Debug */,
				DCFF60991D9A5A2E00BFCDDF /* Release */,
			);
			defaultConfigurationIsVisible = 0;
		};
/* End XCConfigurationList section */
	};
	rootObject = DCFF60821D9A5A2E00BFCDDF /* Project object */;
}
